// !$*UTF8*$!
{
	archiveVersion = 1;
	classes = {
	};
	objectVersion = 46;
	objects = {

/* Begin PBXBuildFile section */
		61EA8C8F1A2F47760086F125 /* AppDelegate.swift in Sources */ = {isa = PBXBuildFile; fileRef = 61EA8C8E1A2F47760086F125 /* AppDelegate.swift */; };
		61EA8C921A2F47760086F125 /* fun_facts.xcdatamodeld in Sources */ = {isa = PBXBuildFile; fileRef = 61EA8C901A2F47760086F125 /* fun_facts.xcdatamodeld */; };
		61EA8C941A2F47760086F125 /* ViewController.swift in Sources */ = {isa = PBXBuildFile; fileRef = 61EA8C931A2F47760086F125 /* ViewController.swift */; };
		61EA8C971A2F47760086F125 /* Main.storyboard in Resources */ = {isa = PBXBuildFile; fileRef = 61EA8C951A2F47760086F125 /* Main.storyboard */; };
		61EA8C991A2F47760086F125 /* Images.xcassets in Resources */ = {isa = PBXBuildFile; fileRef = 61EA8C981A2F47760086F125 /* Images.xcassets */; };
		61EA8C9C1A2F47760086F125 /* LaunchScreen.xib in Resources */ = {isa = PBXBuildFile; fileRef = 61EA8C9A1A2F47760086F125 /* LaunchScreen.xib */; };
		61EA8CA81A2F47760086F125 /* fun_factsTests.swift in Sources */ = {isa = PBXBuildFile; fileRef = 61EA8CA71A2F47760086F125 /* fun_factsTests.swift */; };
/* End PBXBuildFile section */

/* Begin PBXContainerItemProxy section */
		61EA8CA21A2F47760086F125 /* PBXContainerItemProxy */ = {
			isa = PBXContainerItemProxy;
			containerPortal = 61EA8C811A2F47760086F125 /* Project object */;
			proxyType = 1;
			remoteGlobalIDString = 61EA8C881A2F47760086F125;
			remoteInfo = "fun-facts";
		};
/* End PBXContainerItemProxy section */

/* Begin PBXFileReference section */
		61EA8C891A2F47760086F125 /* fun-facts.app */ = {isa = PBXFileReference; explicitFileType = wrapper.application; includeInIndex = 0; path = "fun-facts.app"; sourceTree = BUILT_PRODUCTS_DIR; };
		61EA8C8D1A2F47760086F125 /* Info.plist */ = {isa = PBXFileReference; lastKnownFileType = text.plist.xml; path = Info.plist; sourceTree = "<group>"; };
		61EA8C8E1A2F47760086F125 /* AppDelegate.swift */ = {isa = PBXFileReference; lastKnownFileType = sourcecode.swift; path = AppDelegate.swift; sourceTree = "<group>"; };
		61EA8C911A2F47760086F125 /* fun_facts.xcdatamodel */ = {isa = PBXFileReference; lastKnownFileType = wrapper.xcdatamodel; path = fun_facts.xcdatamodel; sourceTree = "<group>"; };
		61EA8C931A2F47760086F125 /* ViewController.swift */ = {isa = PBXFileReference; lastKnownFileType = sourcecode.swift; path = ViewController.swift; sourceTree = "<group>"; };
		61EA8C961A2F47760086F125 /* Base */ = {isa = PBXFileReference; lastKnownFileType = file.storyboard; name = Base; path = Base.lproj/Main.storyboard; sourceTree = "<group>"; };
		61EA8C981A2F47760086F125 /* Images.xcassets */ = {isa = PBXFileReference; lastKnownFileType = folder.assetcatalog; path = Images.xcassets; sourceTree = "<group>"; };
		61EA8C9B1A2F47760086F125 /* Base */ = {isa = PBXFileReference; lastKnownFileType = file.xib; name = Base; path = Base.lproj/LaunchScreen.xib; sourceTree = "<group>"; };
		61EA8CA11A2F47760086F125 /* fun-factsTests.xctest */ = {isa = PBXFileReference; explicitFileType = wrapper.cfbundle; includeInIndex = 0; path = "fun-factsTests.xctest"; sourceTree = BUILT_PRODUCTS_DIR; };
		61EA8CA61A2F47760086F125 /* Info.plist */ = {isa = PBXFileReference; lastKnownFileType = text.plist.xml; path = Info.plist; sourceTree = "<group>"; };
		61EA8CA71A2F47760086F125 /* fun_factsTests.swift */ = {isa = PBXFileReference; lastKnownFileType = sourcecode.swift; path = fun_factsTests.swift; sourceTree = "<group>"; };
/* End PBXFileReference section */

/* Begin PBXFrameworksBuildPhase section */
		61EA8C861A2F47760086F125 /* Frameworks */ = {
			isa = PBXFrameworksBuildPhase;
			buildActionMask = 2147483647;
			files = (
			);
			runOnlyForDeploymentPostprocessing = 0;
		};
		61EA8C9E1A2F47760086F125 /* Frameworks */ = {
			isa = PBXFrameworksBuildPhase;
			buildActionMask = 2147483647;
			files = (
			);
			runOnlyForDeploymentPostprocessing = 0;
		};
/* End PBXFrameworksBuildPhase section */

/* Begin PBXGroup section */
		61EA8C801A2F47760086F125 = {
			isa = PBXGroup;
			children = (
				61EA8C8B1A2F47760086F125 /* fun-facts */,
				61EA8CA41A2F47760086F125 /* fun-factsTests */,
				61EA8C8A1A2F47760086F125 /* Products */,
			);
			sourceTree = "<group>";
		};
		61EA8C8A1A2F47760086F125 /* Products */ = {
			isa = PBXGroup;
			children = (
				61EA8C891A2F47760086F125 /* fun-facts.app */,
				61EA8CA11A2F47760086F125 /* fun-factsTests.xctest */,
			);
			name = Products;
			sourceTree = "<group>";
		};
		61EA8C8B1A2F47760086F125 /* fun-facts */ = {
			isa = PBXGroup;
			children = (
				61EA8C8E1A2F47760086F125 /* AppDelegate.swift */,
				61EA8C931A2F47760086F125 /* ViewController.swift */,
				61EA8C951A2F47760086F125 /* Main.storyboard */,
				61EA8C981A2F47760086F125 /* Images.xcassets */,
				61EA8C9A1A2F47760086F125 /* LaunchScreen.xib */,
				61EA8C901A2F47760086F125 /* fun_facts.xcdatamodeld */,
				61EA8C8C1A2F47760086F125 /* Supporting Files */,
			);
			path = "fun-facts";
			sourceTree = "<group>";
		};
		61EA8C8C1A2F47760086F125 /* Supporting Files */ = {
			isa = PBXGroup;
			children = (
				61EA8C8D1A2F47760086F125 /* Info.plist */,
			);
			name = "Supporting Files";
			sourceTree = "<group>";
		};
		61EA8CA41A2F47760086F125 /* fun-factsTests */ = {
			isa = PBXGroup;
			children = (
				61EA8CA71A2F47760086F125 /* fun_factsTests.swift */,
				61EA8CA51A2F47760086F125 /* Supporting Files */,
			);
			path = "fun-factsTests";
			sourceTree = "<group>";
		};
		61EA8CA51A2F47760086F125 /* Supporting Files */ = {
			isa = PBXGroup;
			children = (
				61EA8CA61A2F47760086F125 /* Info.plist */,
			);
			name = "Supporting Files";
			sourceTree = "<group>";
		};
/* End PBXGroup section */

/* Begin PBXNativeTarget section */
		61EA8C881A2F47760086F125 /* fun-facts */ = {
			isa = PBXNativeTarget;
			buildConfigurationList = 61EA8CAB1A2F47760086F125 /* Build configuration list for PBXNativeTarget "fun-facts" */;
			buildPhases = (
				61EA8C851A2F47760086F125 /* Sources */,
				61EA8C861A2F47760086F125 /* Frameworks */,
				61EA8C871A2F47760086F125 /* Resources */,
			);
			buildRules = (
			);
			dependencies = (
			);
			name = "fun-facts";
			productName = "fun-facts";
			productReference = 61EA8C891A2F47760086F125 /* fun-facts.app */;
			productType = "com.apple.product-type.application";
		};
		61EA8CA01A2F47760086F125 /* fun-factsTests */ = {
			isa = PBXNativeTarget;
			buildConfigurationList = 61EA8CAE1A2F47760086F125 /* Build configuration list for PBXNativeTarget "fun-factsTests" */;
			buildPhases = (
				61EA8C9D1A2F47760086F125 /* Sources */,
				61EA8C9E1A2F47760086F125 /* Frameworks */,
				61EA8C9F1A2F47760086F125 /* Resources */,
			);
			buildRules = (
			);
			dependencies = (
				61EA8CA31A2F47760086F125 /* PBXTargetDependency */,
			);
			name = "fun-factsTests";
			productName = "fun-factsTests";
			productReference = 61EA8CA11A2F47760086F125 /* fun-factsTests.xctest */;
			productType = "com.apple.product-type.bundle.unit-test";
		};
/* End PBXNativeTarget section */

/* Begin PBXProject section */
		61EA8C811A2F47760086F125 /* Project object */ = {
			isa = PBXProject;
			attributes = {
				LastUpgradeCheck = 0610;
				ORGANIZATIONNAME = Vyceversa;
				TargetAttributes = {
					61EA8C881A2F47760086F125 = {
						CreatedOnToolsVersion = 6.1;
					};
					61EA8CA01A2F47760086F125 = {
						CreatedOnToolsVersion = 6.1;
						TestTargetID = 61EA8C881A2F47760086F125;
					};
				};
			};
			buildConfigurationList = 61EA8C841A2F47760086F125 /* Build configuration list for PBXProject "fun-facts" */;
			compatibilityVersion = "Xcode 3.2";
			developmentRegion = English;
			hasScannedForEncodings = 0;
			knownRegions = (
				en,
				Base,
			);
			mainGroup = 61EA8C801A2F47760086F125;
			productRefGroup = 61EA8C8A1A2F47760086F125 /* Products */;
			projectDirPath = "";
			projectRoot = "";
			targets = (
				61EA8C881A2F47760086F125 /* fun-facts */,
				61EA8CA01A2F47760086F125 /* fun-factsTests */,
			);
		};
/* End PBXProject section */

/* Begin PBXResourcesBuildPhase section */
		61EA8C871A2F47760086F125 /* Resources */ = {
			isa = PBXResourcesBuildPhase;
			buildActionMask = 2147483647;
			files = (
				61EA8C971A2F47760086F125 /* Main.storyboard in Resources */,
				61EA8C9C1A2F47760086F125 /* LaunchScreen.xib in Resources */,
				61EA8C991A2F47760086F125 /* Images.xcassets in Resources */,
			);
			runOnlyForDeploymentPostprocessing = 0;
		};
		61EA8C9F1A2F47760086F125 /* Resources */ = {
			isa = PBXResourcesBuildPhase;
			buildActionMask = 2147483647;
			files = (
			);
			runOnlyForDeploymentPostprocessing = 0;
		};
/* End PBXResourcesBuildPhase section */

/* Begin PBXSourcesBuildPhase section */
		61EA8C851A2F47760086F125 /* Sources */ = {
			isa = PBXSourcesBuildPhase;
			buildActionMask = 2147483647;
			files = (
				61EA8C941A2F47760086F125 /* ViewController.swift in Sources */,
				61EA8C8F1A2F47760086F125 /* AppDelegate.swift in Sources */,
				61EA8C921A2F47760086F125 /* fun_facts.xcdatamodeld in Sources */,
			);
			runOnlyForDeploymentPostprocessing = 0;
		};
		61EA8C9D1A2F47760086F125 /* Sources */ = {
			isa = PBXSourcesBuildPhase;
			buildActionMask = 2147483647;
			files = (
				61EA8CA81A2F47760086F125 /* fun_factsTests.swift in Sources */,
			);
			runOnlyForDeploymentPostprocessing = 0;
		};
/* End PBXSourcesBuildPhase section */

/* Begin PBXTargetDependency section */
		61EA8CA31A2F47760086F125 /* PBXTargetDependency */ = {
			isa = PBXTargetDependency;
			target = 61EA8C881A2F47760086F125 /* fun-facts */;
			targetProxy = 61EA8CA21A2F47760086F125 /* PBXContainerItemProxy */;
		};
/* End PBXTargetDependency section */

/* Begin PBXVariantGroup section */
		61EA8C951A2F47760086F125 /* Main.storyboard */ = {
			isa = PBXVariantGroup;
			children = (
				61EA8C961A2F47760086F125 /* Base */,
			);
			name = Main.storyboard;
			sourceTree = "<group>";
		};
		61EA8C9A1A2F47760086F125 /* LaunchScreen.xib */ = {
			isa = PBXVariantGroup;
			children = (
				61EA8C9B1A2F47760086F125 /* Base */,
			);
			name = LaunchScreen.xib;
			sourceTree = "<group>";
		};
/* End PBXVariantGroup section */

/* Begin XCBuildConfiguration section */
		61EA8CA91A2F47760086F125 /* Debug */ = {
			isa = XCBuildConfiguration;
			buildSettings = {
				ALWAYS_SEARCH_USER_PATHS = NO;
				CLANG_CXX_LANGUAGE_STANDARD = "gnu++0x";
				CLANG_CXX_LIBRARY = "libc++";
				CLANG_ENABLE_MODULES = YES;
				CLANG_ENABLE_OBJC_ARC = YES;
				CLANG_WARN_BOOL_CONVERSION = YES;
				CLANG_WARN_CONSTANT_CONVERSION = YES;
				CLANG_WARN_DIRECT_OBJC_ISA_USAGE = YES_ERROR;
				CLANG_WARN_EMPTY_BODY = YES;
				CLANG_WARN_ENUM_CONVERSION = YES;
				CLANG_WARN_INT_CONVERSION = YES;
				CLANG_WARN_OBJC_ROOT_CLASS = YES_ERROR;
				CLANG_WARN_UNREACHABLE_CODE = YES;
				CLANG_WARN__DUPLICATE_METHOD_MATCH = YES;
				"CODE_SIGN_IDENTITY[sdk=iphoneos*]" = "iPhone Developer";
				COPY_PHASE_STRIP = NO;
				ENABLE_STRICT_OBJC_MSGSEND = YES;
				GCC_C_LANGUAGE_STANDARD = gnu99;
				GCC_DYNAMIC_NO_PIC = NO;
				GCC_OPTIMIZATION_LEVEL = 0;
				GCC_PREPROCESSOR_DEFINITIONS = (
					"DEBUG=1",
					"$(inherited)",
				);
				GCC_SYMBOLS_PRIVATE_EXTERN = NO;
				GCC_WARN_64_TO_32_BIT_CONVERSION = YES;
				GCC_WARN_ABOUT_RETURN_TYPE = YES_ERROR;
				GCC_WARN_UNDECLARED_SELECTOR = YES;
				GCC_WARN_UNINITIALIZED_AUTOS = YES_AGGRESSIVE;
				GCC_WARN_UNUSED_FUNCTION = YES;
				GCC_WARN_UNUSED_VARIABLE = YES;
				IPHONEOS_DEPLOYMENT_TARGET = 8.1;
				MTL_ENABLE_DEBUG_INFO = YES;
				ONLY_ACTIVE_ARCH = YES;
				SDKROOT = iphoneos;
				SWIFT_OPTIMIZATION_LEVEL = "-Onone";
			};
			name = Debug;
		};
		61EA8CAA1A2F47760086F125 /* Release */ = {
			isa = XCBuildConfiguration;
			buildSettings = {
				ALWAYS_SEARCH_USER_PATHS = NO;
				CLANG_CXX_LANGUAGE_STANDARD = "gnu++0x";
				CLANG_CXX_LIBRARY = "libc++";
				CLANG_ENABLE_MODULES = YES;
				CLANG_ENABLE_OBJC_ARC = YES;
				CLANG_WARN_BOOL_CONVERSION = YES;
				CLANG_WARN_CONSTANT_CONVERSION = YES;
				CLANG_WARN_DIRECT_OBJC_ISA_USAGE = YES_ERROR;
				CLANG_WARN_EMPTY_BODY = YES;
				CLANG_WARN_ENUM_CONVERSION = YES;
				CLANG_WARN_INT_CONVERSION = YES;
				CLANG_WARN_OBJC_ROOT_CLASS = YES_ERROR;
				CLANG_WARN_UNREACHABLE_CODE = YES;
				CLANG_WARN__DUPLICATE_METHOD_MATCH = YES;
				"CODE_SIGN_IDENTITY[sdk=iphoneos*]" = "iPhone Developer";
				COPY_PHASE_STRIP = YES;
				ENABLE_NS_ASSERTIONS = NO;
				ENABLE_STRICT_OBJC_MSGSEND = YES;
				GCC_C_LANGUAGE_STANDARD = gnu99;
				GCC_WARN_64_TO_32_BIT_CONVERSION = YES;
				GCC_WARN_ABOUT_RETURN_TYPE = YES_ERROR;
				GCC_WARN_UNDECLARED_SELECTOR = YES;
				GCC_WARN_UNINITIALIZED_AUTOS = YES_AGGRESSIVE;
				GCC_WARN_UNUSED_FUNCTION = YES;
				GCC_WARN_UNUSED_VARIABLE = YES;
				IPHONEOS_DEPLOYMENT_TARGET = 8.1;
				MTL_ENABLE_DEBUG_INFO = NO;
				SDKROOT = iphoneos;
				VALIDATE_PRODUCT = YES;
			};
			name = Release;
		};
		61EA8CAC1A2F47760086F125 /* Debug */ = {
			isa = XCBuildConfiguration;
			buildSettings = {
				ASSETCATALOG_COMPILER_APPICON_NAME = AppIcon;
				INFOPLIST_FILE = "fun-facts/Info.plist";
				LD_RUNPATH_SEARCH_PATHS = "$(inherited) @executable_path/Frameworks";
				PRODUCT_NAME = "$(TARGET_NAME)";
			};
			name = Debug;
		};
		61EA8CAD1A2F47760086F125 /* Release */ = {
			isa = XCBuildConfiguration;
			buildSettings = {
				ASSETCATALOG_COMPILER_APPICON_NAME = AppIcon;
				INFOPLIST_FILE = "fun-facts/Info.plist";
				LD_RUNPATH_SEARCH_PATHS = "$(inherited) @executable_path/Frameworks";
				PRODUCT_NAME = "$(TARGET_NAME)";
			};
			name = Release;
		};
		61EA8CAF1A2F47760086F125 /* Debug */ = {
			isa = XCBuildConfiguration;
			buildSettings = {
				BUNDLE_LOADER = "$(TEST_HOST)";
				FRAMEWORK_SEARCH_PATHS = (
					"$(SDKROOT)/Developer/Library/Frameworks",
					"$(inherited)",
				);
				GCC_PREPROCESSOR_DEFINITIONS = (
					"DEBUG=1",
					"$(inherited)",
				);
				INFOPLIST_FILE = "fun-factsTests/Info.plist";
				LD_RUNPATH_SEARCH_PATHS = "$(inherited) @executable_path/Frameworks @loader_path/Frameworks";
				PRODUCT_NAME = "$(TARGET_NAME)";
				TEST_HOST = "$(BUILT_PRODUCTS_DIR)/fun-facts.app/fun-facts";
			};
			name = Debug;
		};
		61EA8CB01A2F47760086F125 /* Release */ = {
			isa = XCBuildConfiguration;
			buildSettings = {
				BUNDLE_LOADER = "$(TEST_HOST)";
				FRAMEWORK_SEARCH_PATHS = (
					"$(SDKROOT)/Developer/Library/Frameworks",
					"$(inherited)",
				);
				INFOPLIST_FILE = "fun-factsTests/Info.plist";
				LD_RUNPATH_SEARCH_PATHS = "$(inherited) @executable_path/Frameworks @loader_path/Frameworks";
				PRODUCT_NAME = "$(TARGET_NAME)";
				TEST_HOST = "$(BUILT_PRODUCTS_DIR)/fun-facts.app/fun-facts";
			};
			name = Release;
		};
/* End XCBuildConfiguration section */

/* Begin XCConfigurationList section */
		61EA8C841A2F47760086F125 /* Build configuration list for PBXProject "fun-facts" */ = {
			isa = XCConfigurationList;
			buildConfigurations = (
				61EA8CA91A2F47760086F125 /* Debug */,
				61EA8CAA1A2F47760086F125 /* Release */,
			);
			defaultConfigurationIsVisible = 0;
			defaultConfigurationName = Release;
		};
		61EA8CAB1A2F47760086F125 /* Build configuration list for PBXNativeTarget "fun-facts" */ = {
			isa = XCConfigurationList;
			buildConfigurations = (
				61EA8CAC1A2F47760086F125 /* Debug */,
				61EA8CAD1A2F47760086F125 /* Release */,
			);
			defaultConfigurationIsVisible = 0;
		};
		61EA8CAE1A2F47760086F125 /* Build configuration list for PBXNativeTarget "fun-factsTests" */ = {
			isa = XCConfigurationList;
			buildConfigurations = (
				61EA8CAF1A2F47760086F125 /* Debug */,
				61EA8CB01A2F47760086F125 /* Release */,
			);
			defaultConfigurationIsVisible = 0;
		};
/* End XCConfigurationList section */

/* Begin XCVersionGroup section */
		61EA8C901A2F47760086F125 /* fun_facts.xcdatamodeld */ = {
			isa = XCVersionGroup;
			children = (
				61EA8C911A2F47760086F125 /* fun_facts.xcdatamodel */,
			);
			currentVersion = 61EA8C911A2F47760086F125 /* fun_facts.xcdatamodel */;
			path = fun_facts.xcdatamodeld;
			sourceTree = "<group>";
			versionGroupType = wrapper.xcdatamodel;
		};
/* End XCVersionGroup section */
	};
	rootObject = 61EA8C811A2F47760086F125 /* Project object */;
}
